
Microsoft Visual Studio Solution File, Format Version 12.00
# Visual Studio Version 17
VisualStudioVersion = 17.9.34723.18
MinimumVisualStudioVersion = 10.0.40219.1
Project("{9A19103F-16F7-4668-BE54-9A1E7A4F7556}") = "AuthorizationService", "..\AuthorizationService\AuthorizationService\AuthorizationService.csproj", "{E8C96F0C-9407-44F9-93C7-3E899996B150}"
EndProject
Project("{9A19103F-16F7-4668-BE54-9A1E7A4F7556}") = "AccountManagementService", "..\AccountManagementService\AccountManagementService\AccountManagementService.csproj", "{311B8D1E-8C77-4DC0-A9B4-1E2380EFB7F0}"
EndProject
Project("{9A19103F-16F7-4668-BE54-9A1E7A4F7556}") = "DatabaseService", "..\DatabaseService\DatabaseService\DatabaseService.csproj", "{EE547BE4-633F-4180-A253-6F6868CC8545}"
EndProject
Project("{9A19103F-16F7-4668-BE54-9A1E7A4F7556}") = "MessagesService", "..\MessagesService\MessagesService\MessagesService.csproj", "{0D51A758-DA4B-4499-A27F-70A07580F5CF}"
EndProject
Project("{9A19103F-16F7-4668-BE54-9A1E7A4F7556}") = "NotificationService", "..\NotificationService\NotificationService\NotificationService.csproj", "{0E599BD4-1A65-485A-B733-962B81236E50}"
EndProject
Global
	GlobalSection(SolutionConfigurationPlatforms) = preSolution
		Debug|Any CPU = Debug|Any CPU
		Release|Any CPU = Release|Any CPU
	EndGlobalSection
	GlobalSection(ProjectConfigurationPlatforms) = postSolution
		{E8C96F0C-9407-44F9-93C7-3E899996B150}.Debug|Any CPU.ActiveCfg = Debug|Any CPU
		{E8C96F0C-9407-44F9-93C7-3E899996B150}.Debug|Any CPU.Build.0 = Debug|Any CPU
		{E8C96F0C-9407-44F9-93C7-3E899996B150}.Release|Any CPU.ActiveCfg = Release|Any CPU
		{E8C96F0C-9407-44F9-93C7-3E899996B150}.Release|Any CPU.Build.0 = Release|Any CPU
		{311B8D1E-8C77-4DC0-A9B4-1E2380EFB7F0}.Debug|Any CPU.ActiveCfg = Debug|Any CPU
		{311B8D1E-8C77-4DC0-A9B4-1E2380EFB7F0}.Debug|Any CPU.Build.0 = Debug|Any CPU
		{311B8D1E-8C77-4DC0-A9B4-1E2380EFB7F0}.Release|Any CPU.ActiveCfg = Release|Any CPU
		{311B8D1E-8C77-4DC0-A9B4-1E2380EFB7F0}.Release|Any CPU.Build.0 = Release|Any CPU
		{EE547BE4-633F-4180-A253-6F6868CC8545}.Debug|Any CPU.ActiveCfg = Debug|Any CPU
		{EE547BE4-633F-4180-A253-6F6868CC8545}.Debug|Any CPU.Build.0 = Debug|Any CPU
		{EE547BE4-633F-4180-A253-6F6868CC8545}.Release|Any CPU.ActiveCfg = Release|Any CPU
		{EE547BE4-633F-4180-A253-6F6868CC8545}.Release|Any CPU.Build.0 = Release|Any CPU
		{0D51A758-DA4B-4499-A27F-70A07580F5CF}.Debug|Any CPU.ActiveCfg = Debug|Any CPU
		{0D51A758-DA4B-4499-A27F-70A07580F5CF}.Debug|Any CPU.Build.0 = Debug|Any CPU
		{0D51A758-DA4B-4499-A27F-70A07580F5CF}.Release|Any CPU.ActiveCfg = Release|Any CPU
		{0D51A758-DA4B-4499-A27F-70A07580F5CF}.Release|Any CPU.Build.0 = Release|Any CPU
		{0E599BD4-1A65-485A-B733-962B81236E50}.Debug|Any CPU.ActiveCfg = Debug|Any CPU
		{0E599BD4-1A65-485A-B733-962B81236E50}.Debug|Any CPU.Build.0 = Debug|Any CPU
		{0E599BD4-1A65-485A-B733-962B81236E50}.Release|Any CPU.ActiveCfg = Release|Any CPU
		{0E599BD4-1A65-485A-B733-962B81236E50}.Release|Any CPU.Build.0 = Release|Any CPU
	EndGlobalSection
	GlobalSection(SolutionProperties) = preSolution
		HideSolutionNode = FALSE
	EndGlobalSection
	GlobalSection(ExtensibilityGlobals) = postSolution
		SolutionGuid = {E7057593-39E0-4556-8F9D-CBB934F2A521}
	EndGlobalSection
EndGlobal
