
Microsoft Visual Studio Solution File, Format Version 12.00
# Visual Studio Version 17
VisualStudioVersion = 17.9.34723.18
MinimumVisualStudioVersion = 10.0.40219.1
Project("{9A19103F-16F7-4668-BE54-9A1E7A4F7556}") = "DatabaseService", "DatabaseService\DatabaseService.csproj", "{BFFE2B89-C701-4912-8381-64C105E61122}"
EndProject
Global
	GlobalSection(SolutionConfigurationPlatforms) = preSolution
		Debug|Any CPU = Debug|Any CPU
		Release|Any CPU = Release|Any CPU
	EndGlobalSection
	GlobalSection(ProjectConfigurationPlatforms) = postSolution
		{BFFE2B89-C701-4912-8381-64C105E61122}.Debug|Any CPU.ActiveCfg = Debug|Any CPU
		{BFFE2B89-C701-4912-8381-64C105E61122}.Debug|Any CPU.Build.0 = Debug|Any CPU
		{BFFE2B89-C701-4912-8381-64C105E61122}.Release|Any CPU.ActiveCfg = Release|Any CPU
		{BFFE2B89-C701-4912-8381-64C105E61122}.Release|Any CPU.Build.0 = Release|Any CPU
	EndGlobalSection
	GlobalSection(SolutionProperties) = preSolution
		HideSolutionNode = FALSE
	EndGlobalSection
	GlobalSection(ExtensibilityGlobals) = postSolution
		SolutionGuid = {E164D032-C442-4BD7-9480-A7CB6875E4F1}
	EndGlobalSection
EndGlobal
